
Microsoft Visual Studio Solution File, Format Version 12.00
# Visual Studio 15
VisualStudioVersion = 15.0.28307.757
MinimumVisualStudioVersion = 10.0.40219.1
Project("{FAE04EC0-301F-11D3-BF4B-00C04F79EFBC}") = "Senai.Peoples.WebApi", "Senai.Peoples.WebApi\Senai.Peoples.WebApi.csproj", "{86129B6F-1A77-434F-A965-FF1B408CDE36}"
EndProject
Global
	GlobalSection(SolutionConfigurationPlatforms) = preSolution
		Debug|Any CPU = Debug|Any CPU
		NoBrowser|Any CPU = NoBrowser|Any CPU
		Release|Any CPU = Release|Any CPU
	EndGlobalSection
	GlobalSection(ProjectConfigurationPlatforms) = postSolution
		{86129B6F-1A77-434F-A965-FF1B408CDE36}.Debug|Any CPU.ActiveCfg = Debug|Any CPU
		{86129B6F-1A77-434F-A965-FF1B408CDE36}.Debug|Any CPU.Build.0 = Debug|Any CPU
		{86129B6F-1A77-434F-A965-FF1B408CDE36}.NoBrowser|Any CPU.ActiveCfg = NoBrowser|Any CPU
		{86129B6F-1A77-434F-A965-FF1B408CDE36}.NoBrowser|Any CPU.Build.0 = NoBrowser|Any CPU
		{86129B6F-1A77-434F-A965-FF1B408CDE36}.Release|Any CPU.ActiveCfg = Release|Any CPU
		{86129B6F-1A77-434F-A965-FF1B408CDE36}.Release|Any CPU.Build.0 = Release|Any CPU
	EndGlobalSection
	GlobalSection(SolutionProperties) = preSolution
		HideSolutionNode = FALSE
	EndGlobalSection
	GlobalSection(ExtensibilityGlobals) = postSolution
		SolutionGuid = {2B908E0C-4939-4158-B79C-5747ABAEF8FA}
	EndGlobalSection
EndGlobal
